// !$*UTF8*$!
{
	archiveVersion = 1;
	classes = {
	};
	objectVersion = 77;
	objects = {

/* Begin PBXBuildFile section */
		3EDAA1162FE7B38A000DE7B6 /* WidgetKit.framework in Frameworks */ = {isa = PBXBuildFile; fileRef = 3EDAA1152FE7B38A000DE7B6 /* WidgetKit.framework */; };
		3EDAA1182FE7B38A000DE7B6 /* SwiftUI.framework in Frameworks */ = {isa = PBXBuildFile; fileRef = 3EDAA1172FE7B38A000DE7B6 /* SwiftUI.framework */; };
		3EDAA1232FE7B38C000DE7B6 /* DriftWidgetsExtension.appex in Embed Foundation Extensions */ = {isa = PBXBuildFile; fileRef = 3EDAA1132FE7B38A000DE7B6 /* DriftWidgetsExtension.appex */; settings = {ATTRIBUTES = (RemoveHeadersOnCopy, ); }; };
		3EE2BC622FDA7DEE002C7CEF /* DriftUnit.xctestplan in Resources */ = {isa = PBXBuildFile; fileRef = 3EE2BC612FDA7DEE002C7CEF /* DriftUnit.xctestplan */; };
/* End PBXBuildFile section */

/* Begin PBXContainerItemProxy section */
		3EDAA1212FE7B38C000DE7B6 /* PBXContainerItemProxy */ = {
			isa = PBXContainerItemProxy;
			containerPortal = 3EE2BC232FDA7C51002C7CEF /* Project object */;
			proxyType = 1;
			remoteGlobalIDString = 3EDAA1122FE7B38A000DE7B6;
			remoteInfo = DriftWidgetsExtension;
		};
		3EE2BC392FDA7C53002C7CEF /* PBXContainerItemProxy */ = {
			isa = PBXContainerItemProxy;
			containerPortal = 3EE2BC232FDA7C51002C7CEF /* Project object */;
			proxyType = 1;
			remoteGlobalIDString = 3EE2BC2A2FDA7C51002C7CEF;
			remoteInfo = Drift;
		};
		3EE2BC432FDA7C53002C7CEF /* PBXContainerItemProxy */ = {
			isa = PBXContainerItemProxy;
			containerPortal = 3EE2BC232FDA7C51002C7CEF /* Project object */;
			proxyType = 1;
			remoteGlobalIDString = 3EE2BC2A2FDA7C51002C7CEF;
			remoteInfo = Drift;
		};
/* End PBXContainerItemProxy section */

/* Begin PBXCopyFilesBuildPhase section */
		3EDAA1242FE7B38C000DE7B6 /* Embed Foundation Extensions */ = {
			isa = PBXCopyFilesBuildPhase;
			buildActionMask = 2147483647;
			dstPath = "";
			dstSubfolderSpec = 13;
			files = (
				3EDAA1232FE7B38C000DE7B6 /* DriftWidgetsExtension.appex in Embed Foundation Extensions */,
			);
			name = "Embed Foundation Extensions";
			runOnlyForDeploymentPostprocessing = 0;
		};
/* End PBXCopyFilesBuildPhase section */

/* Begin PBXFileReference section */
		3EDAA1132FE7B38A000DE7B6 /* DriftWidgetsExtension.appex */ = {isa = PBXFileReference; explicitFileType = "wrapper.app-extension"; includeInIndex = 0; path = DriftWidgetsExtension.appex; sourceTree = BUILT_PRODUCTS_DIR; };
		3EDAA1152FE7B38A000DE7B6 /* WidgetKit.framework */ = {isa = PBXFileReference; lastKnownFileType = wrapper.framework; name = WidgetKit.framework; path = System/Library/Frameworks/WidgetKit.framework; sourceTree = SDKROOT; };
		3EDAA1172FE7B38A000DE7B6 /* SwiftUI.framework */ = {isa = PBXFileReference; lastKnownFileType = wrapper.framework; name = SwiftUI.framework; path = System/Library/Frameworks/SwiftUI.framework; sourceTree = SDKROOT; };
		3EDAA1292FE7B3DF000DE7B6 /* DriftWidgetsExtension.entitlements */ = {isa = PBXFileReference; lastKnownFileType = text.plist.entitlements; path = DriftWidgetsExtension.entitlements; sourceTree = "<group>"; };
		3EE2BC2B2FDA7C51002C7CEF /* Drift.app */ = {isa = PBXFileReference; explicitFileType = wrapper.application; includeInIndex = 0; path = Drift.app; sourceTree = BUILT_PRODUCTS_DIR; };
		3EE2BC382FDA7C53002C7CEF /* DriftTests.xctest */ = {isa = PBXFileReference; explicitFileType = wrapper.cfbundle; includeInIndex = 0; path = DriftTests.xctest; sourceTree = BUILT_PRODUCTS_DIR; };
		3EE2BC422FDA7C53002C7CEF /* DriftUITests.xctest */ = {isa = PBXFileReference; explicitFileType = wrapper.cfbundle; includeInIndex = 0; path = DriftUITests.xctest; sourceTree = BUILT_PRODUCTS_DIR; };
		3EE2BC612FDA7DEE002C7CEF /* DriftUnit.xctestplan */ = {isa = PBXFileReference; lastKnownFileType = text; path = DriftUnit.xctestplan; sourceTree = "<group>"; };
/* End PBXFileReference section */

/* Begin PBXFileSystemSynchronizedBuildFileExceptionSet section */
		3EDAA0922FE654B9000DE7B6 /* Exceptions for "Drift" folder in "Drift" target */ = {
			isa = PBXFileSystemSynchronizedBuildFileExceptionSet;
			membershipExceptions = (
				Info.plist,
			);
			target = 3EE2BC2A2FDA7C51002C7CEF /* Drift */;
		};
		3EDAA1282FE7B38C000DE7B6 /* Exceptions for "DriftWidgets" folder in "DriftWidgetsExtension" target */ = {
			isa = PBXFileSystemSynchronizedBuildFileExceptionSet;
			membershipExceptions = (
				Info.plist,
			);
			target = 3EDAA1122FE7B38A000DE7B6 /* DriftWidgetsExtension */;
		};
		3EDAA1302FE7CDA0000DE7B6 /* Exceptions for "Drift" folder in "DriftWidgetsExtension" target */ = {
			isa = PBXFileSystemSynchronizedBuildFileExceptionSet;
			membershipExceptions = (
				"DesignSystem/Color+Hex.swift",
				Models/BillingCycle.swift,
				Models/Category.swift,
				Models/DriftSchemaV1.swift,
				Models/RenewalNotification.swift,
				Models/Subscription.swift,
				Models/UsageRecord.swift,
				Services/ExchangeRates.swift,
			);
			target = 3EDAA1122FE7B38A000DE7B6 /* DriftWidgetsExtension */;
		};
/* End PBXFileSystemSynchronizedBuildFileExceptionSet section */

/* Begin PBXFileSystemSynchronizedRootGroup section */
		3EDAA1192FE7B38A000DE7B6 /* DriftWidgets */ = {
			isa = PBXFileSystemSynchronizedRootGroup;
			exceptions = (
				3EDAA1282FE7B38C000DE7B6 /* Exceptions for "DriftWidgets" folder in "DriftWidgetsExtension" target */,
			);
			path = DriftWidgets;
			sourceTree = "<group>";
		};
		3EE2BC2D2FDA7C51002C7CEF /* Drift */ = {
			isa = PBXFileSystemSynchronizedRootGroup;
			exceptions = (
				3EDAA0922FE654B9000DE7B6 /* Exceptions for "Drift" folder in "Drift" target */,
				3EDAA1302FE7CDA0000DE7B6 /* Exceptions for "Drift" folder in "DriftWidgetsExtension" target */,
			);
			path = Drift;
			sourceTree = "<group>";
		};
		3EE2BC3B2FDA7C53002C7CEF /* DriftTests */ = {
			isa = PBXFileSystemSynchronizedRootGroup;
			path = DriftTests;
			sourceTree = "<group>";
		};
		3EE2BC452FDA7C53002C7CEF /* DriftUITests */ = {
			isa = PBXFileSystemSynchronizedRootGroup;
			path = DriftUITests;
			sourceTree = "<group>";
		};
/* End PBXFileSystemSynchronizedRootGroup section */

/* Begin PBXFrameworksBuildPhase section */
		3EDAA1102FE7B38A000DE7B6 /* Frameworks */ = {
			isa = PBXFrameworksBuildPhase;
			buildActionMask = 2147483647;
			files = (
				3EDAA1182FE7B38A000DE7B6 /* SwiftUI.framework in Frameworks */,
				3EDAA1162FE7B38A000DE7B6 /* WidgetKit.framework in Frameworks */,
			);
			runOnlyForDeploymentPostprocessing = 0;
		};
		3EE2BC282FDA7C51002C7CEF /* Frameworks */ = {
			isa = PBXFrameworksBuildPhase;
			buildActionMask = 2147483647;
			files = (
			);
			runOnlyForDeploymentPostprocessing = 0;
		};
		3EE2BC352FDA7C53002C7CEF /* Frameworks */ = {
			isa = PBXFrameworksBuildPhase;
			buildActionMask = 2147483647;
			files = (
			);
			runOnlyForDeploymentPostprocessing = 0;
		};
		3EE2BC3F2FDA7C53002C7CEF /* Frameworks */ = {
			isa = PBXFrameworksBuildPhase;
			buildActionMask = 2147483647;
			files = (
			);
			runOnlyForDeploymentPostprocessing = 0;
		};
/* End PBXFrameworksBuildPhase section */

/* Begin PBXGroup section */
		3EDAA1142FE7B38A000DE7B6 /* Frameworks */ = {
			isa = PBXGroup;
			children = (
				3EDAA1152FE7B38A000DE7B6 /* WidgetKit.framework */,
				3EDAA1172FE7B38A000DE7B6 /* SwiftUI.framework */,
			);
			name = Frameworks;
			sourceTree = "<group>";
		};
		3EE2BC222FDA7C51002C7CEF = {
			isa = PBXGroup;
			children = (
				3EDAA1292FE7B3DF000DE7B6 /* DriftWidgetsExtension.entitlements */,
				3EE2BC612FDA7DEE002C7CEF /* DriftUnit.xctestplan */,
				3EE2BC2D2FDA7C51002C7CEF /* Drift */,
				3EE2BC3B2FDA7C53002C7CEF /* DriftTests */,
				3EE2BC452FDA7C53002C7CEF /* DriftUITests */,
				3EDAA1192FE7B38A000DE7B6 /* DriftWidgets */,
				3EDAA1142FE7B38A000DE7B6 /* Frameworks */,
				3EE2BC2C2FDA7C51002C7CEF /* Products */,
			);
			sourceTree = "<group>";
		};
		3EE2BC2C2FDA7C51002C7CEF /* Products */ = {
			isa = PBXGroup;
			children = (
				3EE2BC2B2FDA7C51002C7CEF /* Drift.app */,
				3EE2BC382FDA7C53002C7CEF /* DriftTests.xctest */,
				3EE2BC422FDA7C53002C7CEF /* DriftUITests.xctest */,
				3EDAA1132FE7B38A000DE7B6 /* DriftWidgetsExtension.appex */,
			);
			name = Products;
			sourceTree = "<group>";
		};
/* End PBXGroup section */

/* Begin PBXNativeTarget section */
		3EDAA1122FE7B38A000DE7B6 /* DriftWidgetsExtension */ = {
			isa = PBXNativeTarget;
			buildConfigurationList = 3EDAA1272FE7B38C000DE7B6 /* Build configuration list for PBXNativeTarget "DriftWidgetsExtension" */;
			buildPhases = (
				3EDAA10F2FE7B38A000DE7B6 /* Sources */,
				3EDAA1102FE7B38A000DE7B6 /* Frameworks */,
				3EDAA1112FE7B38A000DE7B6 /* Resources */,
			);
			buildRules = (
			);
			dependencies = (
			);
			fileSystemSynchronizedGroups = (
				3EDAA1192FE7B38A000DE7B6 /* DriftWidgets */,
			);
			name = DriftWidgetsExtension;
			packageProductDependencies = (
			);
			productName = DriftWidgetsExtension;
			productReference = 3EDAA1132FE7B38A000DE7B6 /* DriftWidgetsExtension.appex */;
			productType = "com.apple.product-type.app-extension";
		};
		3EE2BC2A2FDA7C51002C7CEF /* Drift */ = {
			isa = PBXNativeTarget;
			buildConfigurationList = 3EE2BC4C2FDA7C53002C7CEF /* Build configuration list for PBXNativeTarget "Drift" */;
			buildPhases = (
				3EE2BC272FDA7C51002C7CEF /* Sources */,
				3EE2BC282FDA7C51002C7CEF /* Frameworks */,
				3EE2BC292FDA7C51002C7CEF /* Resources */,
				3EDAA1242FE7B38C000DE7B6 /* Embed Foundation Extensions */,
			);
			buildRules = (
			);
			dependencies = (
				3EDAA1222FE7B38C000DE7B6 /* PBXTargetDependency */,
			);
			fileSystemSynchronizedGroups = (
				3EE2BC2D2FDA7C51002C7CEF /* Drift */,
			);
			name = Drift;
			packageProductDependencies = (
			);
			productName = Drift;
			productReference = 3EE2BC2B2FDA7C51002C7CEF /* Drift.app */;
			productType = "com.apple.product-type.application";
		};
		3EE2BC372FDA7C53002C7CEF /* DriftTests */ = {
			isa = PBXNativeTarget;
			buildConfigurationList = 3EE2BC4F2FDA7C53002C7CEF /* Build configuration list for PBXNativeTarget "DriftTests" */;
			buildPhases = (
				3EE2BC342FDA7C53002C7CEF /* Sources */,
				3EE2BC352FDA7C53002C7CEF /* Frameworks */,
				3EE2BC362FDA7C53002C7CEF /* Resources */,
			);
			buildRules = (
			);
			dependencies = (
				3EE2BC3A2FDA7C53002C7CEF /* PBXTargetDependency */,
			);
			fileSystemSynchronizedGroups = (
				3EE2BC3B2FDA7C53002C7CEF /* DriftTests */,
			);
			name = DriftTests;
			packageProductDependencies = (
			);
			productName = DriftTests;
			productReference = 3EE2BC382FDA7C53002C7CEF /* DriftTests.xctest */;
			productType = "com.apple.product-type.bundle.unit-test";
		};
		3EE2BC412FDA7C53002C7CEF /* DriftUITests */ = {
			isa = PBXNativeTarget;
			buildConfigurationList = 3EE2BC522FDA7C53002C7CEF /* Build configuration list for PBXNativeTarget "DriftUITests" */;
			buildPhases = (
				3EE2BC3E2FDA7C53002C7CEF /* Sources */,
				3EE2BC3F2FDA7C53002C7CEF /* Frameworks */,
				3EE2BC402FDA7C53002C7CEF /* Resources */,
			);
			buildRules = (
			);
			dependencies = (
				3EE2BC442FDA7C53002C7CEF /* PBXTargetDependency */,
			);
			fileSystemSynchronizedGroups = (
				3EE2BC452FDA7C53002C7CEF /* DriftUITests */,
			);
			name = DriftUITests;
			packageProductDependencies = (
			);
			productName = DriftUITests;
			productReference = 3EE2BC422FDA7C53002C7CEF /* DriftUITests.xctest */;
			productType = "com.apple.product-type.bundle.ui-testing";
		};
/* End PBXNativeTarget section */

/* Begin PBXProject section */
		3EE2BC232FDA7C51002C7CEF /* Project object */ = {
			isa = PBXProject;
			attributes = {
				BuildIndependentTargetsInParallel = 1;
				LastSwiftUpdateCheck = 2650;
				LastUpgradeCheck = 2650;
				TargetAttributes = {
					3EDAA1122FE7B38A000DE7B6 = {
						CreatedOnToolsVersion = 26.5;
					};
					3EE2BC2A2FDA7C51002C7CEF = {
						CreatedOnToolsVersion = 26.5;
					};
					3EE2BC372FDA7C53002C7CEF = {
						CreatedOnToolsVersion = 26.5;
						TestTargetID = 3EE2BC2A2FDA7C51002C7CEF;
					};
					3EE2BC412FDA7C53002C7CEF = {
						CreatedOnToolsVersion = 26.5;
						TestTargetID = 3EE2BC2A2FDA7C51002C7CEF;
					};
				};
			};
			buildConfigurationList = 3EE2BC262FDA7C51002C7CEF /* Build configuration list for PBXProject "Drift" */;
			developmentRegion = en;
			hasScannedForEncodings = 0;
			knownRegions = (
				en,
				Base,
			);
			mainGroup = 3EE2BC222FDA7C51002C7CEF;
			minimizedProjectReferenceProxies = 1;
			preferredProjectObjectVersion = 77;
			productRefGroup = 3EE2BC2C2FDA7C51002C7CEF /* Products */;
			projectDirPath = "";
			projectRoot = "";
			targets = (
				3EE2BC2A2FDA7C51002C7CEF /* Drift */,
				3EE2BC372FDA7C53002C7CEF /* DriftTests */,
				3EE2BC412FDA7C53002C7CEF /* DriftUITests */,
				3EDAA1122FE7B38A000DE7B6 /* DriftWidgetsExtension */,
			);
		};
/* End PBXProject section */

/* Begin PBXResourcesBuildPhase section */
		3EDAA1112FE7B38A000DE7B6 /* Resources */ = {
			isa = PBXResourcesBuildPhase;
			buildActionMask = 2147483647;
			files = (
			);
			runOnlyForDeploymentPostprocessing = 0;
		};
		3EE2BC292FDA7C51002C7CEF /* Resources */ = {
			isa = PBXResourcesBuildPhase;
			buildActionMask = 2147483647;
			files = (
				3EE2BC622FDA7DEE002C7CEF /* DriftUnit.xctestplan in Resources */,
			);
			runOnlyForDeploymentPostprocessing = 0;
		};
		3EE2BC362FDA7C53002C7CEF /* Resources */ = {
			isa = PBXResourcesBuildPhase;
			buildActionMask = 2147483647;
			files = (
			);
			runOnlyForDeploymentPostprocessing = 0;
		};
		3EE2BC402FDA7C53002C7CEF /* Resources */ = {
			isa = PBXResourcesBuildPhase;
			buildActionMask = 2147483647;
			files = (
			);
			runOnlyForDeploymentPostprocessing = 0;
		};
/* End PBXResourcesBuildPhase section */

/* Begin PBXSourcesBuildPhase section */
		3EDAA10F2FE7B38A000DE7B6 /* Sources */ = {
			isa = PBXSourcesBuildPhase;
			buildActionMask = 2147483647;
			files = (
			);
			runOnlyForDeploymentPostprocessing = 0;
		};
		3EE2BC272FDA7C51002C7CEF /* Sources */ = {
			isa = PBXSourcesBuildPhase;
			buildActionMask = 2147483647;
			files = (
			);
			runOnlyForDeploymentPostprocessing = 0;
		};
		3EE2BC342FDA7C53002C7CEF /* Sources */ = {
			isa = PBXSourcesBuildPhase;
			buildActionMask = 2147483647;
			files = (
			);
			runOnlyForDeploymentPostprocessing = 0;
		};
		3EE2BC3E2FDA7C53002C7CEF /* Sources */ = {
			isa = PBXSourcesBuildPhase;
			buildActionMask = 2147483647;
			files = (
			);
			runOnlyForDeploymentPostprocessing = 0;
		};
/* End PBXSourcesBuildPhase section */

/* Begin PBXTargetDependency section */
		3EDAA1222FE7B38C000DE7B6 /* PBXTargetDependency */ = {
			isa = PBXTargetDependency;
			target = 3EDAA1122FE7B38A000DE7B6 /* DriftWidgetsExtension */;
			targetProxy = 3EDAA1212FE7B38C000DE7B6 /* PBXContainerItemProxy */;
		};
		3EE2BC3A2FDA7C53002C7CEF /* PBXTargetDependency */ = {
			isa = PBXTargetDependency;
			target = 3EE2BC2A2FDA7C51002C7CEF /* Drift */;
			targetProxy = 3EE2BC392FDA7C53002C7CEF /* PBXContainerItemProxy */;
		};
		3EE2BC442FDA7C53002C7CEF /* PBXTargetDependency */ = {
			isa = PBXTargetDependency;
			target = 3EE2BC2A2FDA7C51002C7CEF /* Drift */;
			targetProxy = 3EE2BC432FDA7C53002C7CEF /* PBXContainerItemProxy */;
		};
/* End PBXTargetDependency section */

/* Begin XCBuildConfiguration section */
		3EDAA1252FE7B38C000DE7B6 /* Debug */ = {
			isa = XCBuildConfiguration;
			buildSettings = {
				ASSETCATALOG_COMPILER_GLOBAL_ACCENT_COLOR_NAME = AccentColor;
				ASSETCATALOG_COMPILER_WIDGET_BACKGROUND_COLOR_NAME = WidgetBackground;
				CODE_SIGN_ENTITLEMENTS = DriftWidgetsExtension.entitlements;
				CODE_SIGN_STYLE = Automatic;
				CURRENT_PROJECT_VERSION = 1;
				DEVELOPMENT_TEAM = B8ZA589WPN;
				GENERATE_INFOPLIST_FILE = YES;
				INFOPLIST_FILE = DriftWidgets/Info.plist;
				INFOPLIST_KEY_CFBundleDisplayName = DriftWidgets;
				INFOPLIST_KEY_NSHumanReadableCopyright = "";
				IPHONEOS_DEPLOYMENT_TARGET = 17.0;
				LD_RUNPATH_SEARCH_PATHS = (
					"$(inherited)",
					"@executable_path/Frameworks",
					"@executable_path/../../Frameworks",
				);
				MARKETING_VERSION = 1.0;
				PRODUCT_BUNDLE_IDENTIFIER = com.defrust.drift.DriftWidgets;
				PRODUCT_NAME = "$(TARGET_NAME)";
				SKIP_INSTALL = YES;
				STRING_CATALOG_GENERATE_SYMBOLS = YES;
				SUPPORTED_PLATFORMS = "iphoneos iphonesimulator";
				SUPPORTS_MACCATALYST = NO;
				SUPPORTS_MAC_DESIGNED_FOR_IPHONE_IPAD = NO;
				SUPPORTS_XR_DESIGNED_FOR_IPHONE_IPAD = NO;
				SWIFT_APPROACHABLE_CONCURRENCY = YES;
				SWIFT_EMIT_LOC_STRINGS = YES;
				SWIFT_UPCOMING_FEATURE_MEMBER_IMPORT_VISIBILITY = YES;
				SWIFT_VERSION = 5.0;
				TARGETED_DEVICE_FAMILY = 1;
			};
			name = Debug;
		};
		3EDAA1262FE7B38C000DE7B6 /* Release */ = {
			isa = XCBuildConfiguration;
			buildSettings = {
				ASSETCATALOG_COMPILER_GLOBAL_ACCENT_COLOR_NAME = AccentColor;
				ASSETCATALOG_COMPILER_WIDGET_BACKGROUND_COLOR_NAME = WidgetBackground;
				CODE_SIGN_ENTITLEMENTS = DriftWidgetsExtension.entitlements;
				CODE_SIGN_STYLE = Automatic;
				CURRENT_PROJECT_VERSION = 1;
				DEVELOPMENT_TEAM = B8ZA589WPN;
				GENERATE_INFOPLIST_FILE = YES;
				INFOPLIST_FILE = DriftWidgets/Info.plist;
				INFOPLIST_KEY_CFBundleDisplayName = DriftWidgets;
				INFOPLIST_KEY_NSHumanReadableCopyright = "";
				IPHONEOS_DEPLOYMENT_TARGET = 17.0;
				LD_RUNPATH_SEARCH_PATHS = (
					"$(inherited)",
					"@executable_path/Frameworks",
					"@executable_path/../../Frameworks",
				);
				MARKETING_VERSION = 1.0;
				PRODUCT_BUNDLE_IDENTIFIER = com.defrust.drift.DriftWidgets;
				PRODUCT_NAME = "$(TARGET_NAME)";
				SKIP_INSTALL = YES;
				STRING_CATALOG_GENERATE_SYMBOLS = YES;
				SUPPORTED_PLATFORMS = "iphoneos iphonesimulator";
				SUPPORTS_MACCATALYST = NO;
				SUPPORTS_MAC_DESIGNED_FOR_IPHONE_IPAD = NO;
				SUPPORTS_XR_DESIGNED_FOR_IPHONE_IPAD = NO;
				SWIFT_APPROACHABLE_CONCURRENCY = YES;
				SWIFT_EMIT_LOC_STRINGS = YES;
				SWIFT_UPCOMING_FEATURE_MEMBER_IMPORT_VISIBILITY = YES;
				SWIFT_VERSION = 5.0;
				TARGETED_DEVICE_FAMILY = 1;
			};
			name = Release;
		};
		3EE2BC4A2FDA7C53002C7CEF /* Debug */ = {
			isa = XCBuildConfiguration;
			buildSettings = {
				ALWAYS_SEARCH_USER_PATHS = NO;
				ASSETCATALOG_COMPILER_GENERATE_SWIFT_ASSET_SYMBOL_EXTENSIONS = YES;
				CLANG_ANALYZER_NONNULL = YES;
				CLANG_ANALYZER_NUMBER_OBJECT_CONVERSION = YES_AGGRESSIVE;
				CLANG_CXX_LANGUAGE_STANDARD = "gnu++20";
				CLANG_ENABLE_MODULES = YES;
				CLANG_ENABLE_OBJC_ARC = YES;
				CLANG_ENABLE_OBJC_WEAK = YES;
				CLANG_WARN_BLOCK_CAPTURE_AUTORELEASING = YES;
				CLANG_WARN_BOOL_CONVERSION = YES;
				CLANG_WARN_COMMA = YES;
				CLANG_WARN_CONSTANT_CONVERSION = YES;
				CLANG_WARN_DEPRECATED_OBJC_IMPLEMENTATIONS = YES;
				CLANG_WARN_DIRECT_OBJC_ISA_USAGE = YES_ERROR;
				CLANG_WARN_DOCUMENTATION_COMMENTS = YES;
				CLANG_WARN_EMPTY_BODY = YES;
				CLANG_WARN_ENUM_CONVERSION = YES;
				CLANG_WARN_INFINITE_RECURSION = YES;
				CLANG_WARN_INT_CONVERSION = YES;
				CLANG_WARN_NON_LITERAL_NULL_CONVERSION = YES;
				CLANG_WARN_OBJC_IMPLICIT_RETAIN_SELF = YES;
				CLANG_WARN_OBJC_LITERAL_CONVERSION = YES;
				CLANG_WARN_OBJC_ROOT_CLASS = YES_ERROR;
				CLANG_WARN_QUOTED_INCLUDE_IN_FRAMEWORK_HEADER = YES;
				CLANG_WARN_RANGE_LOOP_ANALYSIS = YES;
				CLANG_WARN_STRICT_PROTOTYPES = YES;
				CLANG_WARN_SUSPICIOUS_MOVE = YES;
				CLANG_WARN_UNGUARDED_AVAILABILITY = YES_AGGRESSIVE;
				CLANG_WARN_UNREACHABLE_CODE = YES;
				CLANG_WARN__DUPLICATE_METHOD_MATCH = YES;
				COPY_PHASE_STRIP = NO;
				DEBUG_INFORMATION_FORMAT = dwarf;
				DEVELOPMENT_TEAM = B8ZA589WPN;
				ENABLE_STRICT_OBJC_MSGSEND = YES;
				ENABLE_TESTABILITY = YES;
				ENABLE_USER_SCRIPT_SANDBOXING = YES;
				GCC_C_LANGUAGE_STANDARD = gnu17;
				GCC_DYNAMIC_NO_PIC = NO;
				GCC_NO_COMMON_BLOCKS = YES;
				GCC_OPTIMIZATION_LEVEL = 0;
				GCC_PREPROCESSOR_DEFINITIONS = (
					"DEBUG=1",
					"$(inherited)",
				);
				GCC_WARN_64_TO_32_BIT_CONVERSION = YES;
				GCC_WARN_ABOUT_RETURN_TYPE = YES_ERROR;
				GCC_WARN_UNDECLARED_SELECTOR = YES;
				GCC_WARN_UNINITIALIZED_AUTOS = YES_AGGRESSIVE;
				GCC_WARN_UNUSED_FUNCTION = YES;
				GCC_WARN_UNUSED_VARIABLE = YES;
				IPHONEOS_DEPLOYMENT_TARGET = 26.5;
				LOCALIZATION_PREFERS_STRING_CATALOGS = YES;
				MTL_ENABLE_DEBUG_INFO = INCLUDE_SOURCE;
				MTL_FAST_MATH = YES;
				ONLY_ACTIVE_ARCH = YES;
				SDKROOT = iphoneos;
				SWIFT_ACTIVE_COMPILATION_CONDITIONS = "DEBUG $(inherited)";
				SWIFT_OPTIMIZATION_LEVEL = "-Onone";
			};
			name = Debug;
		};
		3EE2BC4B2FDA7C53002C7CEF /* Release */ = {
			isa = XCBuildConfiguration;
			buildSettings = {
				ALWAYS_SEARCH_USER_PATHS = NO;
				ASSETCATALOG_COMPILER_GENERATE_SWIFT_ASSET_SYMBOL_EXTENSIONS = YES;
				CLANG_ANALYZER_NONNULL = YES;
				CLANG_ANALYZER_NUMBER_OBJECT_CONVERSION = YES_AGGRESSIVE;
				CLANG_CXX_LANGUAGE_STANDARD = "gnu++20";
				CLANG_ENABLE_MODULES = YES;
				CLANG_ENABLE_OBJC_ARC = YES;
				CLANG_ENABLE_OBJC_WEAK = YES;
				CLANG_WARN_BLOCK_CAPTURE_AUTORELEASING = YES;
				CLANG_WARN_BOOL_CONVERSION = YES;
				CLANG_WARN_COMMA = YES;
				CLANG_WARN_CONSTANT_CONVERSION = YES;
				CLANG_WARN_DEPRECATED_OBJC_IMPLEMENTATIONS = YES;
				CLANG_WARN_DIRECT_OBJC_ISA_USAGE = YES_ERROR;
				CLANG_WARN_DOCUMENTATION_COMMENTS = YES;
				CLANG_WARN_EMPTY_BODY = YES;
				CLANG_WARN_ENUM_CONVERSION = YES;
				CLANG_WARN_INFINITE_RECURSION = YES;
				CLANG_WARN_INT_CONVERSION = YES;
				CLANG_WARN_NON_LITERAL_NULL_CONVERSION = YES;
				CLANG_WARN_OBJC_IMPLICIT_RETAIN_SELF = YES;
				CLANG_WARN_OBJC_LITERAL_CONVERSION = YES;
				CLANG_WARN_OBJC_ROOT_CLASS = YES_ERROR;
				CLANG_WARN_QUOTED_INCLUDE_IN_FRAMEWORK_HEADER = YES;
				CLANG_WARN_RANGE_LOOP_ANALYSIS = YES;
				CLANG_WARN_STRICT_PROTOTYPES = YES;
				CLANG_WARN_SUSPICIOUS_MOVE = YES;
				CLANG_WARN_UNGUARDED_AVAILABILITY = YES_AGGRESSIVE;
				CLANG_WARN_UNREACHABLE_CODE = YES;
				CLANG_WARN__DUPLICATE_METHOD_MATCH = YES;
				COPY_PHASE_STRIP = NO;
				DEBUG_INFORMATION_FORMAT = "dwarf-with-dsym";
				DEVELOPMENT_TEAM = B8ZA589WPN;
				ENABLE_NS_ASSERTIONS = NO;
				ENABLE_STRICT_OBJC_MSGSEND = YES;
				ENABLE_USER_SCRIPT_SANDBOXING = YES;
				GCC_C_LANGUAGE_STANDARD = gnu17;
				GCC_NO_COMMON_BLOCKS = YES;
				GCC_WARN_64_TO_32_BIT_CONVERSION = YES;
				GCC_WARN_ABOUT_RETURN_TYPE = YES_ERROR;
				GCC_WARN_UNDECLARED_SELECTOR = YES;
				GCC_WARN_UNINITIALIZED_AUTOS = YES_AGGRESSIVE;
				GCC_WARN_UNUSED_FUNCTION = YES;
				GCC_WARN_UNUSED_VARIABLE = YES;
				IPHONEOS_DEPLOYMENT_TARGET = 26.5;
				LOCALIZATION_PREFERS_STRING_CATALOGS = YES;
				MTL_ENABLE_DEBUG_INFO = NO;
				MTL_FAST_MATH = YES;
				SDKROOT = iphoneos;
				SWIFT_COMPILATION_MODE = wholemodule;
				VALIDATE_PRODUCT = YES;
			};
			name = Release;
		};
		3EE2BC4D2FDA7C53002C7CEF /* Debug */ = {
			isa = XCBuildConfiguration;
			buildSettings = {
				ASSETCATALOG_COMPILER_APPICON_NAME = AppIcon;
				ASSETCATALOG_COMPILER_GLOBAL_ACCENT_COLOR_NAME = AccentColor;
				CODE_SIGN_ENTITLEMENTS = Drift/Drift.entitlements;
				CODE_SIGN_STYLE = Automatic;
				CURRENT_PROJECT_VERSION = 20;
				DEVELOPMENT_TEAM = B8ZA589WPN;
				ENABLE_PREVIEWS = YES;
				GENERATE_INFOPLIST_FILE = YES;
				INFOPLIST_FILE = Drift/Info.plist;
				INFOPLIST_KEY_UIApplicationSceneManifest_Generation = YES;
				INFOPLIST_KEY_UIApplicationSupportsIndirectInputEvents = YES;
				INFOPLIST_KEY_UILaunchScreen_Generation = YES;
				INFOPLIST_KEY_UISupportedInterfaceOrientations_iPad = "UIInterfaceOrientationPortrait UIInterfaceOrientationPortraitUpsideDown UIInterfaceOrientationLandscapeLeft UIInterfaceOrientationLandscapeRight";
				INFOPLIST_KEY_UISupportedInterfaceOrientations_iPhone = "UIInterfaceOrientationPortrait UIInterfaceOrientationLandscapeLeft UIInterfaceOrientationLandscapeRight";
				IPHONEOS_DEPLOYMENT_TARGET = 17;
				LD_RUNPATH_SEARCH_PATHS = (
					"$(inherited)",
					"@executable_path/Frameworks",
				);
				MARKETING_VERSION = 1.0;
				PRODUCT_BUNDLE_IDENTIFIER = com.defrust.drift;
				PRODUCT_NAME = "$(TARGET_NAME)";
				STRING_CATALOG_GENERATE_SYMBOLS = YES;
				SUPPORTED_PLATFORMS = "iphoneos iphonesimulator";
				SUPPORTS_MACCATALYST = NO;
				SUPPORTS_MAC_DESIGNED_FOR_IPHONE_IPAD = NO;
				SUPPORTS_XR_DESIGNED_FOR_IPHONE_IPAD = NO;
				SWIFT_APPROACHABLE_CONCURRENCY = YES;
				SWIFT_DEFAULT_ACTOR_ISOLATION = MainActor;
				SWIFT_EMIT_LOC_STRINGS = YES;
				SWIFT_UPCOMING_FEATURE_MEMBER_IMPORT_VISIBILITY = YES;
				SWIFT_VERSION = 5.0;
				TARGETED_DEVICE_FAMILY = 1;
			};
			name = Debug;
		};
		3EE2BC4E2FDA7C53002C7CEF /* Release */ = {
			isa = XCBuildConfiguration;
			buildSettings = {
				ASSETCATALOG_COMPILER_APPICON_NAME = AppIcon;
				ASSETCATALOG_COMPILER_GLOBAL_ACCENT_COLOR_NAME = AccentColor;
				CODE_SIGN_ENTITLEMENTS = Drift/Drift.entitlements;
				CODE_SIGN_STYLE = Automatic;
				CURRENT_PROJECT_VERSION = 20;
				DEVELOPMENT_TEAM = B8ZA589WPN;
				ENABLE_PREVIEWS = YES;
				GENERATE_INFOPLIST_FILE = YES;
				INFOPLIST_FILE = Drift/Info.plist;
				INFOPLIST_KEY_UIApplicationSceneManifest_Generation = YES;
				INFOPLIST_KEY_UIApplicationSupportsIndirectInputEvents = YES;
				INFOPLIST_KEY_UILaunchScreen_Generation = YES;
				INFOPLIST_KEY_UISupportedInterfaceOrientations_iPad = "UIInterfaceOrientationPortrait UIInterfaceOrientationPortraitUpsideDown UIInterfaceOrientationLandscapeLeft UIInterfaceOrientationLandscapeRight";
				INFOPLIST_KEY_UISupportedInterfaceOrientations_iPhone = "UIInterfaceOrientationPortrait UIInterfaceOrientationLandscapeLeft UIInterfaceOrientationLandscapeRight";
				IPHONEOS_DEPLOYMENT_TARGET = 17;
				LD_RUNPATH_SEARCH_PATHS = (
					"$(inherited)",
					"@executable_path/Frameworks",
				);
				MARKETING_VERSION = 1.0;
				PRODUCT_BUNDLE_IDENTIFIER = com.defrust.drift;
				PRODUCT_NAME = "$(TARGET_NAME)";
				STRING_CATALOG_GENERATE_SYMBOLS = YES;
				SUPPORTED_PLATFORMS = "iphoneos iphonesimulator";
				SUPPORTS_MACCATALYST = NO;
				SUPPORTS_MAC_DESIGNED_FOR_IPHONE_IPAD = NO;
				SUPPORTS_XR_DESIGNED_FOR_IPHONE_IPAD = NO;
				SWIFT_APPROACHABLE_CONCURRENCY = YES;
				SWIFT_DEFAULT_ACTOR_ISOLATION = MainActor;
				SWIFT_EMIT_LOC_STRINGS = YES;
				SWIFT_UPCOMING_FEATURE_MEMBER_IMPORT_VISIBILITY = YES;
				SWIFT_VERSION = 5.0;
				TARGETED_DEVICE_FAMILY = 1;
			};
			name = Release;
		};
		3EE2BC502FDA7C53002C7CEF /* Debug */ = {
			isa = XCBuildConfiguration;
			buildSettings = {
				BUNDLE_LOADER = "$(TEST_HOST)";
				CODE_SIGN_STYLE = Automatic;
				CURRENT_PROJECT_VERSION = 1;
				DEVELOPMENT_TEAM = B8ZA589WPN;
				GENERATE_INFOPLIST_FILE = YES;
				IPHONEOS_DEPLOYMENT_TARGET = 17;
				MARKETING_VERSION = 1.0;
				PRODUCT_BUNDLE_IDENTIFIER = com.defrust.driftTests;
				PRODUCT_NAME = "$(TARGET_NAME)";
				STRING_CATALOG_GENERATE_SYMBOLS = NO;
				SUPPORTED_PLATFORMS = "iphoneos iphonesimulator";
				SUPPORTS_MACCATALYST = NO;
				SUPPORTS_MAC_DESIGNED_FOR_IPHONE_IPAD = NO;
				SUPPORTS_XR_DESIGNED_FOR_IPHONE_IPAD = NO;
				SWIFT_APPROACHABLE_CONCURRENCY = YES;
				SWIFT_EMIT_LOC_STRINGS = NO;
				SWIFT_UPCOMING_FEATURE_MEMBER_IMPORT_VISIBILITY = YES;
				SWIFT_VERSION = 5.0;
				TARGETED_DEVICE_FAMILY = 1;
				TEST_HOST = "$(BUILT_PRODUCTS_DIR)/Drift.app/$(BUNDLE_EXECUTABLE_FOLDER_PATH)/Drift";
			};
			name = Debug;
		};
		3EE2BC512FDA7C53002C7CEF /* Release */ = {
			isa = XCBuildConfiguration;
			buildSettings = {
				BUNDLE_LOADER = "$(TEST_HOST)";
				CODE_SIGN_STYLE = Automatic;
				CURRENT_PROJECT_VERSION = 1;
				DEVELOPMENT_TEAM = B8ZA589WPN;
				GENERATE_INFOPLIST_FILE = YES;
				IPHONEOS_DEPLOYMENT_TARGET = 17;
				MARKETING_VERSION = 1.0;
				PRODUCT_BUNDLE_IDENTIFIER = com.defrust.driftTests;
				PRODUCT_NAME = "$(TARGET_NAME)";
				STRING_CATALOG_GENERATE_SYMBOLS = NO;
				SUPPORTED_PLATFORMS = "iphoneos iphonesimulator";
				SUPPORTS_MACCATALYST = NO;
				SUPPORTS_MAC_DESIGNED_FOR_IPHONE_IPAD = NO;
				SUPPORTS_XR_DESIGNED_FOR_IPHONE_IPAD = NO;
				SWIFT_APPROACHABLE_CONCURRENCY = YES;
				SWIFT_EMIT_LOC_STRINGS = NO;
				SWIFT_UPCOMING_FEATURE_MEMBER_IMPORT_VISIBILITY = YES;
				SWIFT_VERSION = 5.0;
				TARGETED_DEVICE_FAMILY = 1;
				TEST_HOST = "$(BUILT_PRODUCTS_DIR)/Drift.app/$(BUNDLE_EXECUTABLE_FOLDER_PATH)/Drift";
			};
			name = Release;
		};
		3EE2BC532FDA7C53002C7CEF /* Debug */ = {
			isa = XCBuildConfiguration;
			buildSettings = {
				CODE_SIGN_STYLE = Automatic;
				CURRENT_PROJECT_VERSION = 1;
				DEVELOPMENT_TEAM = B8ZA589WPN;
				GENERATE_INFOPLIST_FILE = YES;
				IPHONEOS_DEPLOYMENT_TARGET = 17;
				MARKETING_VERSION = 1.0;
				PRODUCT_BUNDLE_IDENTIFIER = com.defrust.driftUITests;
				PRODUCT_NAME = "$(TARGET_NAME)";
				STRING_CATALOG_GENERATE_SYMBOLS = NO;
				SUPPORTED_PLATFORMS = "iphoneos iphonesimulator";
				SUPPORTS_MACCATALYST = NO;
				SUPPORTS_MAC_DESIGNED_FOR_IPHONE_IPAD = NO;
				SUPPORTS_XR_DESIGNED_FOR_IPHONE_IPAD = NO;
				SWIFT_APPROACHABLE_CONCURRENCY = YES;
				SWIFT_EMIT_LOC_STRINGS = NO;
				SWIFT_UPCOMING_FEATURE_MEMBER_IMPORT_VISIBILITY = YES;
				SWIFT_VERSION = 5.0;
				TARGETED_DEVICE_FAMILY = 1;
				TEST_TARGET_NAME = Drift;
			};
			name = Debug;
		};
		3EE2BC542FDA7C53002C7CEF /* Release */ = {
			isa = XCBuildConfiguration;
			buildSettings = {
				CODE_SIGN_STYLE = Automatic;
				CURRENT_PROJECT_VERSION = 1;
				DEVELOPMENT_TEAM = B8ZA589WPN;
				GENERATE_INFOPLIST_FILE = YES;
				IPHONEOS_DEPLOYMENT_TARGET = 17;
				MARKETING_VERSION = 1.0;
				PRODUCT_BUNDLE_IDENTIFIER = com.defrust.driftUITests;
				PRODUCT_NAME = "$(TARGET_NAME)";
				STRING_CATALOG_GENERATE_SYMBOLS = NO;
				SUPPORTED_PLATFORMS = "iphoneos iphonesimulator";
				SUPPORTS_MACCATALYST = NO;
				SUPPORTS_MAC_DESIGNED_FOR_IPHONE_IPAD = NO;
				SUPPORTS_XR_DESIGNED_FOR_IPHONE_IPAD = NO;
				SWIFT_APPROACHABLE_CONCURRENCY = YES;
				SWIFT_EMIT_LOC_STRINGS = NO;
				SWIFT_UPCOMING_FEATURE_MEMBER_IMPORT_VISIBILITY = YES;
				SWIFT_VERSION = 5.0;
				TARGETED_DEVICE_FAMILY = 1;
				TEST_TARGET_NAME = Drift;
			};
			name = Release;
		};
/* End XCBuildConfiguration section */

/* Begin XCConfigurationList section */
		3EDAA1272FE7B38C000DE7B6 /* Build configuration list for PBXNativeTarget "DriftWidgetsExtension" */ = {
			isa = XCConfigurationList;
			buildConfigurations = (
				3EDAA1252FE7B38C000DE7B6 /* Debug */,
				3EDAA1262FE7B38C000DE7B6 /* Release */,
			);
			defaultConfigurationIsVisible = 0;
			defaultConfigurationName = Release;
		};
		3EE2BC262FDA7C51002C7CEF /* Build configuration list for PBXProject "Drift" */ = {
			isa = XCConfigurationList;
			buildConfigurations = (
				3EE2BC4A2FDA7C53002C7CEF /* Debug */,
				3EE2BC4B2FDA7C53002C7CEF /* Release */,
			);
			defaultConfigurationIsVisible = 0;
			defaultConfigurationName = Release;
		};
		3EE2BC4C2FDA7C53002C7CEF /* Build configuration list for PBXNativeTarget "Drift" */ = {
			isa = XCConfigurationList;
			buildConfigurations = (
				3EE2BC4D2FDA7C53002C7CEF /* Debug */,
				3EE2BC4E2FDA7C53002C7CEF /* Release */,
			);
			defaultConfigurationIsVisible = 0;
			defaultConfigurationName = Release;
		};
		3EE2BC4F2FDA7C53002C7CEF /* Build configuration list for PBXNativeTarget "DriftTests" */ = {
			isa = XCConfigurationList;
			buildConfigurations = (
				3EE2BC502FDA7C53002C7CEF /* Debug */,
				3EE2BC512FDA7C53002C7CEF /* Release */,
			);
			defaultConfigurationIsVisible = 0;
			defaultConfigurationName = Release;
		};
		3EE2BC522FDA7C53002C7CEF /* Build configuration list for PBXNativeTarget "DriftUITests" */ = {
			isa = XCConfigurationList;
			buildConfigurations = (
				3EE2BC532FDA7C53002C7CEF /* Debug */,
				3EE2BC542FDA7C53002C7CEF /* Release */,
			);
			defaultConfigurationIsVisible = 0;
			defaultConfigurationName = Release;
		};
/* End XCConfigurationList section */
	};
	rootObject = 3EE2BC232FDA7C51002C7CEF /* Project object */;
}
